{
  "nodes": {
    "emacs": {
      "inputs": {
        "nixpkgs": [
          "nixpkgs"
        ],
        "nixpkgs-stable": "nixpkgs-stable"
      },
      "locked": {
        "lastModified": 1772987389,
        "narHash": "sha256-3+2d2bibrWC52r1LTqVZucwCEkrgPfDfgBEr5PZ4LhA=",
        "owner": "nix-community",
        "repo": "emacs-overlay",
        "rev": "ff1c7595a7ba4b969e998863d86d19c7db13f345",
        "type": "github"
      },
      "original": {
        "owner": "nix-community",
        "ref": "master",
        "repo": "emacs-overlay",
        "type": "github"
      }
    },
    "gp-openconnect": {
      "inputs": {
        "nixpkgs": [
          "nixpkgs"
        ]
      },
      "locked": {
        "lastModified": 1780017134,
        "narHash": "sha256-5DSuoqV9zROJNEaCO/NoFeGQ3F5slj8T3PtlUySRPPg=",
        "owner": "ericdallo",
        "repo": "GlobalProtect-openconnect",
        "rev": "45a03b69777e3f058f3666c95ee0c8e0db67ff7a",
        "type": "github"
      },
      "original": {
        "owner": "ericdallo",
        "ref": "main",
        "repo": "GlobalProtect-openconnect",
        "type": "github"
      }
    },
    "hardware": {
      "locked": {
        "lastModified": 1772972630,
        "narHash": "sha256-mUJxsNOrBMNOUJzN0pfdVJ1r2pxeqm9gI/yIKXzVVbk=",
        "owner": "NixOS",
        "repo": "nixos-hardware",
        "rev": "3966ce987e1a9a164205ac8259a5fe8a64528f72",
        "type": "github"
      },
      "original": {
        "owner": "NixOS",
        "ref": "master",
        "repo": "nixos-hardware",
        "type": "github"
      }
    },
    "home-manager": {
      "inputs": {
        "nixpkgs": [
          "nixpkgs"
        ]
      },
      "locked": {
        "lastModified": 1779969295,
        "narHash": "sha256-HwIJ3tOcwSMiV75L7KqJXciXR9UfT+d7rwOZMX7cTnA=",
        "owner": "nix-community",
        "repo": "home-manager",
        "rev": "61e2c9659324181e0f0ed911958c536333b1d4f6",
        "type": "github"
      },
      "original": {
        "owner": "nix-community",
        "ref": "master",
        "repo": "home-manager",
        "type": "github"
      }
    },
    "master": {
      "locked": {
        "lastModified": 1779983431,
        "narHash": "sha256-klz3fbkQDmchtJUwxgTkGAMXiueNT/+bXpviO8+PMoE=",
        "owner": "NixOS",
        "repo": "nixpkgs",
        "rev": "19bd880f941651d26705b5b8eb4a60d4472c5d95",
        "type": "github"
      },
      "original": {
        "owner": "NixOS",
        "ref": "master",
        "repo": "nixpkgs",
        "type": "github"
      }
    },
    "nix-flatpak": {
      "locked": {
        "lastModified": 1777402031,
        "narHash": "sha256-6gkfl9y3+ti0Z6dgby8/R4/DRT8sWU0I0TLCIxwWtjk=",
        "owner": "gmodena",
        "repo": "nix-flatpak",
        "rev": "22a3adbe7c5c8c8a10a635d32c9ef7fc01a6e4b8",
        "type": "github"
      },
      "original": {
        "owner": "gmodena",
        "repo": "nix-flatpak",
        "type": "github"
      }
    },
    "nixpkgs": {
      "locked": {
        "lastModified": 1779877693,
        "narHash": "sha256-NOF9NAREhxr50bbBfVcVOq+ArCMSoe8dP79Pk2uyARk=",
        "owner": "NixOS",
        "repo": "nixpkgs",
        "rev": "4100e830e085863741bc69b156ec4ccd53ab5be0",
        "type": "github"
      },
      "original": {
        "owner": "NixOS",
        "ref": "nixpkgs-unstable",
        "repo": "nixpkgs",
        "type": "github"
      }
    },
    "nixpkgs-kernel": {
      "locked": {
        "lastModified": 1772771118,
        "narHash": "sha256-xWzaTvmmACR/SRWtABgI/Z97lcqwJAeoSd5QW1KdK1s=",
        "owner": "NixOS",
        "repo": "nixpkgs",
        "rev": "e38213b91d3786389a446dfce4ff5a8aaf6012f2",
        "type": "github"
      },
      "original": {
        "owner": "NixOS",
        "repo": "nixpkgs",
        "rev": "e38213b91d3786389a446dfce4ff5a8aaf6012f2",
        "type": "github"
      }
    },
    "nixpkgs-stable": {
      "locked": {
        "lastModified": 1767313136,
        "narHash": "sha256-16KkgfdYqjaeRGBaYsNrhPRRENs0qzkQVUooNHtoy2w=",
        "owner": "NixOS",
        "repo": "nixpkgs",
        "rev": "ac62194c3917d5f474c1a844b6fd6da2db95077d",
        "type": "github"
      },
      "original": {
        "owner": "NixOS",
        "ref": "nixos-25.05",
        "repo": "nixpkgs",
        "type": "github"
      }
    },
    "nubank": {
      "locked": {
        "lastModified": 1653315083,
        "narHash": "sha256-9YrpSA6A37xX9sL+jKpW8Jo10LUQO/ZUwcLLESLOTMo=",
        "owner": "nubank",
        "repo": "nixpkgs",
        "rev": "31c9f6114914c67e84cc981f185cff5e110930a1",
        "type": "github"
      },
      "original": {
        "owner": "nubank",
        "ref": "master",
        "repo": "nixpkgs",
        "type": "github"
      }
    },
    "root": {
      "inputs": {
        "emacs": "emacs",
        "gp-openconnect": "gp-openconnect",
        "hardware": "hardware",
        "home-manager": "home-manager",
        "master": "master",
        "nix-flatpak": "nix-flatpak",
        "nixpkgs": "nixpkgs",
        "nixpkgs-kernel": "nixpkgs-kernel",
        "nubank": "nubank",
        "stable": "stable",
        "zscaler-docker": "zscaler-docker"
      }
    },
    "stable": {
      "locked": {
        "lastModified": 1779467186,
        "narHash": "sha256-nOesoDCiXcUftqbRBMz9tt4blI5PvljMWbm3kuCA+0s=",
        "owner": "NixOS",
        "repo": "nixpkgs",
        "rev": "b77b3de8775677f84492abe84635f87b0e153f0f",
        "type": "github"
      },
      "original": {
        "owner": "NixOS",
        "ref": "nixos-25.11",
        "repo": "nixpkgs",
        "type": "github"
      }
    },
    "zscaler-docker": {
      "locked": {
        "lastModified": 1783608263,
        "narHash": "sha256-XgIB2y3ed4dyQ5PXeM1Yo4w8VvnUT/vqmJz2DhmI3AA=",
        "ref": "master",
        "rev": "2b06f6e673e6a68a41a5de18a70f2c2f65a9fc01",
        "revCount": 4,
        "type": "git",
        "url": "ssh://git@github.com/nubank/zscaler-docker"
      },
      "original": {
        "ref": "master",
        "type": "git",
        "url": "ssh://git@github.com/nubank/zscaler-docker"
      }
    }
  },
  "root": "root",
  "version": 7
}
