{
  "nodes": {
    "emacs": {
      "inputs": {
        "flake-utils": "flake-utils",
        "nixpkgs": [
          "nixpkgs"
        ],
        "nixpkgs-stable": "nixpkgs-stable"
      },
      "locked": {
        "lastModified": 1720575773,
        "narHash": "sha256-T2oHfo3douUfhWHz9b51xAAJIU2aCpgr1+xdyVL12FM=",
        "owner": "nix-community",
        "repo": "emacs-overlay",
        "rev": "3f9f83b24f4a9abf2bdeca8d014fa9e5ef219825",
        "type": "github"
      },
      "original": {
        "owner": "nix-community",
        "ref": "master",
        "repo": "emacs-overlay",
        "type": "github"
      }
    },
    "flake-utils": {
      "inputs": {
        "systems": "systems"
      },
      "locked": {
        "lastModified": 1710146030,
        "narHash": "sha256-SZ5L6eA7HJ/nmkzGG7/ISclqe6oZdOZTNoesiInkXPQ=",
        "owner": "numtide",
        "repo": "flake-utils",
        "rev": "b1d9ab70662946ef0850d488da1c9019f3a9752a",
        "type": "github"
      },
      "original": {
        "owner": "numtide",
        "repo": "flake-utils",
        "type": "github"
      }
    },
    "flake-utils_2": {
      "inputs": {
        "systems": "systems_2"
      },
      "locked": {
        "lastModified": 1710146030,
        "narHash": "sha256-SZ5L6eA7HJ/nmkzGG7/ISclqe6oZdOZTNoesiInkXPQ=",
        "owner": "numtide",
        "repo": "flake-utils",
        "rev": "b1d9ab70662946ef0850d488da1c9019f3a9752a",
        "type": "github"
      },
      "original": {
        "owner": "numtide",
        "repo": "flake-utils",
        "type": "github"
      }
    },
    "hardware": {
      "locked": {
        "lastModified": 1720515935,
        "narHash": "sha256-8b+fzR4W2hI5axwB+4nBwoA15awPKkck4ghhCt8v39M=",
        "owner": "NixOS",
        "repo": "nixos-hardware",
        "rev": "a111ce6b537df12a39874aa9672caa87f8677eda",
        "type": "github"
      },
      "original": {
        "owner": "NixOS",
        "ref": "master",
        "repo": "nixos-hardware",
        "type": "github"
      }
    },
    "home-manager": {
      "inputs": {
        "nixpkgs": [
          "nixpkgs"
        ]
      },
      "locked": {
        "lastModified": 1720470846,
        "narHash": "sha256-7ftA4Bv5KfH4QdTRxqe8/Hz2YTKo+7IQ9n7vbNWgv28=",
        "owner": "nix-community",
        "repo": "home-manager",
        "rev": "2fb5c1e0a17bc6059fa09dc411a43d75f35bb192",
        "type": "github"
      },
      "original": {
        "owner": "nix-community",
        "ref": "master",
        "repo": "home-manager",
        "type": "github"
      }
    },
    "home-stable": {
      "inputs": {
        "nixpkgs": [
          "stable"
        ]
      },
      "locked": {
        "lastModified": 1720042825,
        "narHash": "sha256-A0vrUB6x82/jvf17qPCpxaM+ulJnD8YZwH9Ci0BsAzE=",
        "owner": "nix-community",
        "repo": "home-manager",
        "rev": "e1391fb22e18a36f57e6999c7a9f966dc80ac073",
        "type": "github"
      },
      "original": {
        "owner": "nix-community",
        "ref": "release-24.05",
        "repo": "home-manager",
        "type": "github"
      }
    },
    "master": {
      "locked": {
        "lastModified": 1720571246,
        "narHash": "sha256-nkUXwunTck+hNMt2wZuYRN+jf2ySRjKTzI0fo5TDH78=",
        "owner": "NixOS",
        "repo": "nixpkgs",
        "rev": "16e401f01842c5bb2499e78c1fe227f939c0c474",
        "type": "github"
      },
      "original": {
        "owner": "NixOS",
        "ref": "master",
        "repo": "nixpkgs",
        "type": "github"
      }
    },
    "nixpkgs": {
      "locked": {
        "lastModified": 1720529433,
        "narHash": "sha256-cIExDRdCblQ8gDOdw7KiV5VpK90wVGXjKZr/JGoS8tc=",
        "owner": "NixOS",
        "repo": "nixpkgs",
        "rev": "f571ea25a6d088f0416d4a9323d9dd9a6edd0088",
        "type": "github"
      },
      "original": {
        "owner": "NixOS",
        "ref": "nixpkgs-unstable",
        "repo": "nixpkgs",
        "type": "github"
      }
    },
    "nixpkgs-stable": {
      "locked": {
        "lastModified": 1720386169,
        "narHash": "sha256-NGKVY4PjzwAa4upkGtAMz1npHGoRzWotlSnVlqI40mo=",
        "owner": "NixOS",
        "repo": "nixpkgs",
        "rev": "194846768975b7ad2c4988bdb82572c00222c0d7",
        "type": "github"
      },
      "original": {
        "owner": "NixOS",
        "ref": "nixos-24.05",
        "repo": "nixpkgs",
        "type": "github"
      }
    },
    "nubank": {
      "locked": {
        "lastModified": 1653315083,
        "narHash": "sha256-9YrpSA6A37xX9sL+jKpW8Jo10LUQO/ZUwcLLESLOTMo=",
        "owner": "nubank",
        "repo": "nixpkgs",
        "rev": "31c9f6114914c67e84cc981f185cff5e110930a1",
        "type": "github"
      },
      "original": {
        "owner": "nubank",
        "ref": "master",
        "repo": "nixpkgs",
        "type": "github"
      }
    },
    "root": {
      "inputs": {
        "emacs": "emacs",
        "flake-utils": "flake-utils_2",
        "hardware": "hardware",
        "home-manager": "home-manager",
        "home-stable": "home-stable",
        "master": "master",
        "nixpkgs": "nixpkgs",
        "nubank": "nubank",
        "stable": "stable"
      }
    },
    "stable": {
      "locked": {
        "lastModified": 1724316499,
        "narHash": "sha256-Qb9MhKBUTCfWg/wqqaxt89Xfi6qTD3XpTzQ9eXi3JmE=",
        "owner": "NixOS",
        "repo": "nixpkgs",
        "rev": "797f7dc49e0bc7fab4b57c021cdf68f595e47841",
        "type": "github"
      },
      "original": {
        "owner": "NixOS",
        "ref": "nixos-24.05",
        "repo": "nixpkgs",
        "type": "github"
      }
    },
    "systems": {
      "locked": {
        "lastModified": 1681028828,
        "narHash": "sha256-Vy1rq5AaRuLzOxct8nz4T6wlgyUR7zLU309k9mBC768=",
        "owner": "nix-systems",
        "repo": "default",
        "rev": "da67096a3b9bf56a91d16901293e51ba5b49a27e",
        "type": "github"
      },
      "original": {
        "owner": "nix-systems",
        "repo": "default",
        "type": "github"
      }
    },
    "systems_2": {
      "locked": {
        "lastModified": 1681028828,
        "narHash": "sha256-Vy1rq5AaRuLzOxct8nz4T6wlgyUR7zLU309k9mBC768=",
        "owner": "nix-systems",
        "repo": "default",
        "rev": "da67096a3b9bf56a91d16901293e51ba5b49a27e",
        "type": "github"
      },
      "original": {
        "owner": "nix-systems",
        "repo": "default",
        "type": "github"
      }
    }
  },
  "root": "root",
  "version": 7
}
